// !$*UTF8*$!
{
	archiveVersion = 1;
	classes = {
	};
	objectVersion = 46;
	objects = {

/* Begin PBXBuildFile section */
		1CEB53881922714600C85A6E /* Foundation.framework in Frameworks */ = {isa = PBXBuildFile; fileRef = 1CEB53871922714600C85A6E /* Foundation.framework */; };
		1CEB538A1922714600C85A6E /* CoreGraphics.framework in Frameworks */ = {isa = PBXBuildFile; fileRef = 1CEB53891922714600C85A6E /* CoreGraphics.framework */; };
		1CEB538C1922714600C85A6E /* UIKit.framework in Frameworks */ = {isa = PBXBuildFile; fileRef = 1CEB538B1922714600C85A6E /* UIKit.framework */; };
		1CEB53921922714600C85A6E /* InfoPlist.strings in Resources */ = {isa = PBXBuildFile; fileRef = 1CEB53901922714600C85A6E /* InfoPlist.strings */; };
		1CEB53941922714600C85A6E /* main.m in Sources */ = {isa = PBXBuildFile; fileRef = 1CEB53931922714600C85A6E /* main.m */; };
		1CEB53981922714600C85A6E /* AppDelegate.m in Sources */ = {isa = PBXBuildFile; fileRef = 1CEB53971922714600C85A6E /* AppDelegate.m */; };
		1CEB539A1922714600C85A6E /* Images.xcassets in Resources */ = {isa = PBXBuildFile; fileRef = 1CEB53991922714600C85A6E /* Images.xcassets */; };
		1CEB53A11922714600C85A6E /* XCTest.framework in Frameworks */ = {isa = PBXBuildFile; fileRef = 1CEB53A01922714600C85A6E /* XCTest.framework */; };
		1CEB53A21922714600C85A6E /* Foundation.framework in Frameworks */ = {isa = PBXBuildFile; fileRef = 1CEB53871922714600C85A6E /* Foundation.framework */; };
		1CEB53A31922714600C85A6E /* UIKit.framework in Frameworks */ = {isa = PBXBuildFile; fileRef = 1CEB538B1922714600C85A6E /* UIKit.framework */; };
		1CEB53AB1922714600C85A6E /* InfoPlist.strings in Resources */ = {isa = PBXBuildFile; fileRef = 1CEB53A91922714600C85A6E /* InfoPlist.strings */; };
		1CEB53AD1922714600C85A6E /* Demo3Tests.m in Sources */ = {isa = PBXBuildFile; fileRef = 1CEB53AC1922714600C85A6E /* Demo3Tests.m */; };
		1CEB53BA1922717900C85A6E /* ViewController.m in Sources */ = {isa = PBXBuildFile; fileRef = 1CEB53B81922717900C85A6E /* ViewController.m */; };
		1CEB53BB1922717900C85A6E /* ViewController.xib in Resources */ = {isa = PBXBuildFile; fileRef = 1CEB53B91922717900C85A6E /* ViewController.xib */; };
		1CEB53C0192271D400C85A6E /* ZYWebView.m in Sources */ = {isa = PBXBuildFile; fileRef = 1CEB53BE192271D400C85A6E /* ZYWebView.m */; };
		1CEB53C1192271D400C85A6E /* ZYWebView.xib in Resources */ = {isa = PBXBuildFile; fileRef = 1CEB53BF192271D400C85A6E /* ZYWebView.xib */; };
/* End PBXBuildFile section */

/* Begin PBXContainerItemProxy section */
		1CEB53A41922714600C85A6E /* PBXContainerItemProxy */ = {
			isa = PBXContainerItemProxy;
			containerPortal = 1CEB537C1922714600C85A6E /* Project object */;
			proxyType = 1;
			remoteGlobalIDString = 1CEB53831922714600C85A6E;
			remoteInfo = Demo3;
		};
/* End PBXContainerItemProxy section */

/* Begin PBXFileReference section */
		1CEB53841922714600C85A6E /* Demo3.app */ = {isa = PBXFileReference; explicitFileType = wrapper.application; includeInIndex = 0; path = Demo3.app; sourceTree = BUILT_PRODUCTS_DIR; };
		1CEB53871922714600C85A6E /* Foundation.framework */ = {isa = PBXFileReference; lastKnownFileType = wrapper.framework; name = Foundation.framework; path = System/Library/Frameworks/Foundation.framework; sourceTree = SDKROOT; };
		1CEB53891922714600C85A6E /* CoreGraphics.framework */ = {isa = PBXFileReference; lastKnownFileType = wrapper.framework; name = CoreGraphics.framework; path = System/Library/Frameworks/CoreGraphics.framework; sourceTree = SDKROOT; };
		1CEB538B1922714600C85A6E /* UIKit.framework */ = {isa = PBXFileReference; lastKnownFileType = wrapper.framework; name = UIKit.framework; path = System/Library/Frameworks/UIKit.framework; sourceTree = SDKROOT; };
		1CEB538F1922714600C85A6E /* Demo3-Info.plist */ = {isa = PBXFileReference; lastKnownFileType = text.plist.xml; path = "Demo3-Info.plist"; sourceTree = "<group>"; };
		1CEB53911922714600C85A6E /* en */ = {isa = PBXFileReference; lastKnownFileType = text.plist.strings; name = en; path = en.lproj/InfoPlist.strings; sourceTree = "<group>"; };
		1CEB53931922714600C85A6E /* main.m */ = {isa = PBXFileReference; lastKnownFileType = sourcecode.c.objc; path = main.m; sourceTree = "<group>"; };
		1CEB53951922714600C85A6E /* Demo3-Prefix.pch */ = {isa = PBXFileReference; lastKnownFileType = sourcecode.c.h; path = "Demo3-Prefix.pch"; sourceTree = "<group>"; };
		1CEB53961922714600C85A6E /* AppDelegate.h */ = {isa = PBXFileReference; lastKnownFileType = sourcecode.c.h; path = AppDelegate.h; sourceTree = "<group>"; };
		1CEB53971922714600C85A6E /* AppDelegate.m */ = {isa = PBXFileReference; lastKnownFileType = sourcecode.c.objc; path = AppDelegate.m; sourceTree = "<group>"; };
		1CEB53991922714600C85A6E /* Images.xcassets */ = {isa = PBXFileReference; lastKnownFileType = folder.assetcatalog; path = Images.xcassets; sourceTree = "<group>"; };
		1CEB539F1922714600C85A6E /* Demo3Tests.xctest */ = {isa = PBXFileReference; explicitFileType = wrapper.cfbundle; includeInIndex = 0; path = Demo3Tests.xctest; sourceTree = BUILT_PRODUCTS_DIR; };
		1CEB53A01922714600C85A6E /* XCTest.framework */ = {isa = PBXFileReference; lastKnownFileType = wrapper.framework; name = XCTest.framework; path = Library/Frameworks/XCTest.framework; sourceTree = DEVELOPER_DIR; };
		1CEB53A81922714600C85A6E /* Demo3Tests-Info.plist */ = {isa = PBXFileReference; lastKnownFileType = text.plist.xml; path = "Demo3Tests-Info.plist"; sourceTree = "<group>"; };
		1CEB53AA1922714600C85A6E /* en */ = {isa = PBXFileReference; lastKnownFileType = text.plist.strings; name = en; path = en.lproj/InfoPlist.strings; sourceTree = "<group>"; };
		1CEB53AC1922714600C85A6E /* Demo3Tests.m */ = {isa = PBXFileReference; lastKnownFileType = sourcecode.c.objc; path = Demo3Tests.m; sourceTree = "<group>"; };
		1CEB53B71922717900C85A6E /* ViewController.h */ = {isa = PBXFileReference; fileEncoding = 4; lastKnownFileType = sourcecode.c.h; path = ViewController.h; sourceTree = "<group>"; };
		1CEB53B81922717900C85A6E /* ViewController.m */ = {isa = PBXFileReference; fileEncoding = 4; lastKnownFileType = sourcecode.c.objc; path = ViewController.m; sourceTree = "<group>"; };
		1CEB53B91922717900C85A6E /* ViewController.xib */ = {isa = PBXFileReference; fileEncoding = 4; lastKnownFileType = file.xib; path = ViewController.xib; sourceTree = "<group>"; };
		1CEB53BD192271D400C85A6E /* ZYWebView.h */ = {isa = PBXFileReference; fileEncoding = 4; lastKnownFileType = sourcecode.c.h; path = ZYWebView.h; sourceTree = "<group>"; };
		1CEB53BE192271D400C85A6E /* ZYWebView.m */ = {isa = PBXFileReference; fileEncoding = 4; lastKnownFileType = sourcecode.c.objc; path = ZYWebView.m; sourceTree = "<group>"; };
		1CEB53BF192271D400C85A6E /* ZYWebView.xib */ = {isa = PBXFileReference; fileEncoding = 4; lastKnownFileType = file.xib; path = ZYWebView.xib; sourceTree = "<group>"; };
/* End PBXFileReference section */

/* Begin PBXFrameworksBuildPhase section */
		1CEB53811922714600C85A6E /* Frameworks */ = {
			isa = PBXFrameworksBuildPhase;
			buildActionMask = 2147483647;
			files = (
				1CEB538A1922714600C85A6E /* CoreGraphics.framework in Frameworks */,
				1CEB538C1922714600C85A6E /* UIKit.framework in Frameworks */,
				1CEB53881922714600C85A6E /* Foundation.framework in Frameworks */,
			);
			runOnlyForDeploymentPostprocessing = 0;
		};
		1CEB539C1922714600C85A6E /* Frameworks */ = {
			isa = PBXFrameworksBuildPhase;
			buildActionMask = 2147483647;
			files = (
				1CEB53A11922714600C85A6E /* XCTest.framework in Frameworks */,
				1CEB53A31922714600C85A6E /* UIKit.framework in Frameworks */,
				1CEB53A21922714600C85A6E /* Foundation.framework in Frameworks */,
			);
			runOnlyForDeploymentPostprocessing = 0;
		};
/* End PBXFrameworksBuildPhase section */

/* Begin PBXGroup section */
		1CEB537B1922714600C85A6E = {
			isa = PBXGroup;
			children = (
				1CEB538D1922714600C85A6E /* Demo3 */,
				1CEB53A61922714600C85A6E /* Demo3Tests */,
				1CEB53861922714600C85A6E /* Frameworks */,
				1CEB53851922714600C85A6E /* Products */,
			);
			sourceTree = "<group>";
		};
		1CEB53851922714600C85A6E /* Products */ = {
			isa = PBXGroup;
			children = (
				1CEB53841922714600C85A6E /* Demo3.app */,
				1CEB539F1922714600C85A6E /* Demo3Tests.xctest */,
			);
			name = Products;
			sourceTree = "<group>";
		};
		1CEB53861922714600C85A6E /* Frameworks */ = {
			isa = PBXGroup;
			children = (
				1CEB53871922714600C85A6E /* Foundation.framework */,
				1CEB53891922714600C85A6E /* CoreGraphics.framework */,
				1CEB538B1922714600C85A6E /* UIKit.framework */,
				1CEB53A01922714600C85A6E /* XCTest.framework */,
			);
			name = Frameworks;
			sourceTree = "<group>";
		};
		1CEB538D1922714600C85A6E /* Demo3 */ = {
			isa = PBXGroup;
			children = (
				1CEB53B61922715300C85A6E /* Classes */,
				1CEB53961922714600C85A6E /* AppDelegate.h */,
				1CEB53971922714600C85A6E /* AppDelegate.m */,
				1CEB53991922714600C85A6E /* Images.xcassets */,
				1CEB538E1922714600C85A6E /* Supporting Files */,
			);
			path = Demo3;
			sourceTree = "<group>";
		};
		1CEB538E1922714600C85A6E /* Supporting Files */ = {
			isa = PBXGroup;
			children = (
				1CEB538F1922714600C85A6E /* Demo3-Info.plist */,
				1CEB53901922714600C85A6E /* InfoPlist.strings */,
				1CEB53931922714600C85A6E /* main.m */,
				1CEB53951922714600C85A6E /* Demo3-Prefix.pch */,
			);
			name = "Supporting Files";
			sourceTree = "<group>";
		};
		1CEB53A61922714600C85A6E /* Demo3Tests */ = {
			isa = PBXGroup;
			children = (
				1CEB53AC1922714600C85A6E /* Demo3Tests.m */,
				1CEB53A71922714600C85A6E /* Supporting Files */,
			);
			path = Demo3Tests;
			sourceTree = "<group>";
		};
		1CEB53A71922714600C85A6E /* Supporting Files */ = {
			isa = PBXGroup;
			children = (
				1CEB53A81922714600C85A6E /* Demo3Tests-Info.plist */,
				1CEB53A91922714600C85A6E /* InfoPlist.strings */,
			);
			name = "Supporting Files";
			sourceTree = "<group>";
		};
		1CEB53B61922715300C85A6E /* Classes */ = {
			isa = PBXGroup;
			children = (
				1CEB53BC192271C300C85A6E /* Views */,
				1CEB53B71922717900C85A6E /* ViewController.h */,
				1CEB53B81922717900C85A6E /* ViewController.m */,
				1CEB53B91922717900C85A6E /* ViewController.xib */,
			);
			name = Classes;
			sourceTree = "<group>";
		};
		1CEB53BC192271C300C85A6E /* Views */ = {
			isa = PBXGroup;
			children = (
				1CEB53BD192271D400C85A6E /* ZYWebView.h */,
				1CEB53BE192271D400C85A6E /* ZYWebView.m */,
				1CEB53BF192271D400C85A6E /* ZYWebView.xib */,
			);
			name = Views;
			sourceTree = "<group>";
		};
/* End PBXGroup section */

/* Begin PBXNativeTarget section */
		1CEB53831922714600C85A6E /* Demo3 */ = {
			isa = PBXNativeTarget;
			buildConfigurationList = 1CEB53B01922714600C85A6E /* Build configuration list for PBXNativeTarget "Demo3" */;
			buildPhases = (
				1CEB53801922714600C85A6E /* Sources */,
				1CEB53811922714600C85A6E /* Frameworks */,
				1CEB53821922714600C85A6E /* Resources */,
			);
			buildRules = (
			);
			dependencies = (
			);
			name = Demo3;
			productName = Demo3;
			productReference = 1CEB53841922714600C85A6E /* Demo3.app */;
			productType = "com.apple.product-type.application";
		};
		1CEB539E1922714600C85A6E /* Demo3Tests */ = {
			isa = PBXNativeTarget;
			buildConfigurationList = 1CEB53B31922714600C85A6E /* Build configuration list for PBXNativeTarget "Demo3Tests" */;
			buildPhases = (
				1CEB539B1922714600C85A6E /* Sources */,
				1CEB539C1922714600C85A6E /* Frameworks */,
				1CEB539D1922714600C85A6E /* Resources */,
			);
			buildRules = (
			);
			dependencies = (
				1CEB53A51922714600C85A6E /* PBXTargetDependency */,
			);
			name = Demo3Tests;
			productName = Demo3Tests;
			productReference = 1CEB539F1922714600C85A6E /* Demo3Tests.xctest */;
			productType = "com.apple.product-type.bundle.unit-test";
		};
/* End PBXNativeTarget section */

/* Begin PBXProject section */
		1CEB537C1922714600C85A6E /* Project object */ = {
			isa = PBXProject;
			attributes = {
				LastUpgradeCheck = 0510;
				ORGANIZATIONNAME = Ying.Zhao;
				TargetAttributes = {
					1CEB539E1922714600C85A6E = {
						TestTargetID = 1CEB53831922714600C85A6E;
					};
				};
			};
			buildConfigurationList = 1CEB537F1922714600C85A6E /* Build configuration list for PBXProject "Demo3" */;
			compatibilityVersion = "Xcode 3.2";
			developmentRegion = English;
			hasScannedForEncodings = 0;
			knownRegions = (
				en,
			);
			mainGroup = 1CEB537B1922714600C85A6E;
			productRefGroup = 1CEB53851922714600C85A6E /* Products */;
			projectDirPath = "";
			projectRoot = "";
			targets = (
				1CEB53831922714600C85A6E /* Demo3 */,
				1CEB539E1922714600C85A6E /* Demo3Tests */,
			);
		};
/* End PBXProject section */

/* Begin PBXResourcesBuildPhase section */
		1CEB53821922714600C85A6E /* Resources */ = {
			isa = PBXResourcesBuildPhase;
			buildActionMask = 2147483647;
			files = (
				1CEB53921922714600C85A6E /* InfoPlist.strings in Resources */,
				1CEB53BB1922717900C85A6E /* ViewController.xib in Resources */,
				1CEB53C1192271D400C85A6E /* ZYWebView.xib in Resources */,
				1CEB539A1922714600C85A6E /* Images.xcassets in Resources */,
			);
			runOnlyForDeploymentPostprocessing = 0;
		};
		1CEB539D1922714600C85A6E /* Resources */ = {
			isa = PBXResourcesBuildPhase;
			buildActionMask = 2147483647;
			files = (
				1CEB53AB1922714600C85A6E /* InfoPlist.strings in Resources */,
			);
			runOnlyForDeploymentPostprocessing = 0;
		};
/* End PBXResourcesBuildPhase section */

/* Begin PBXSourcesBuildPhase section */
		1CEB53801922714600C85A6E /* Sources */ = {
			isa = PBXSourcesBuildPhase;
			buildActionMask = 2147483647;
			files = (
				1CEB53BA1922717900C85A6E /* ViewController.m in Sources */,
				1CEB53981922714600C85A6E /* AppDelegate.m in Sources */,
				1CEB53C0192271D400C85A6E /* ZYWebView.m in Sources */,
				1CEB53941922714600C85A6E /* main.m in Sources */,
			);
			runOnlyForDeploymentPostprocessing = 0;
		};
		1CEB539B1922714600C85A6E /* Sources */ = {
			isa = PBXSourcesBuildPhase;
			buildActionMask = 2147483647;
			files = (
				1CEB53AD1922714600C85A6E /* Demo3Tests.m in Sources */,
			);
			runOnlyForDeploymentPostprocessing = 0;
		};
/* End PBXSourcesBuildPhase section */

/* Begin PBXTargetDependency section */
		1CEB53A51922714600C85A6E /* PBXTargetDependency */ = {
			isa = PBXTargetDependency;
			target = 1CEB53831922714600C85A6E /* Demo3 */;
			targetProxy = 1CEB53A41922714600C85A6E /* PBXContainerItemProxy */;
		};
/* End PBXTargetDependency section */

/* Begin PBXVariantGroup section */
		1CEB53901922714600C85A6E /* InfoPlist.strings */ = {
			isa = PBXVariantGroup;
			children = (
				1CEB53911922714600C85A6E /* en */,
			);
			name = InfoPlist.strings;
			sourceTree = "<group>";
		};
		1CEB53A91922714600C85A6E /* InfoPlist.strings */ = {
			isa = PBXVariantGroup;
			children = (
				1CEB53AA1922714600C85A6E /* en */,
			);
			name = InfoPlist.strings;
			sourceTree = "<group>";
		};
/* End PBXVariantGroup section */

/* Begin XCBuildConfiguration section */
		1CEB53AE1922714600C85A6E /* Debug */ = {
			isa = XCBuildConfiguration;
			buildSettings = {
				ALWAYS_SEARCH_USER_PATHS = NO;
				CLANG_CXX_LANGUAGE_STANDARD = "gnu++0x";
				CLANG_CXX_LIBRARY = "libc++";
				CLANG_ENABLE_MODULES = YES;
				CLANG_ENABLE_OBJC_ARC = YES;
				CLANG_WARN_BOOL_CONVERSION = YES;
				CLANG_WARN_CONSTANT_CONVERSION = YES;
				CLANG_WARN_DIRECT_OBJC_ISA_USAGE = YES_ERROR;
				CLANG_WARN_EMPTY_BODY = YES;
				CLANG_WARN_ENUM_CONVERSION = YES;
				CLANG_WARN_INT_CONVERSION = YES;
				CLANG_WARN_OBJC_ROOT_CLASS = YES_ERROR;
				CLANG_WARN__DUPLICATE_METHOD_MATCH = YES;
				"CODE_SIGN_IDENTITY[sdk=iphoneos*]" = "iPhone Developer";
				COPY_PHASE_STRIP = NO;
				GCC_C_LANGUAGE_STANDARD = gnu99;
				GCC_DYNAMIC_NO_PIC = NO;
				GCC_OPTIMIZATION_LEVEL = 0;
				GCC_PREPROCESSOR_DEFINITIONS = (
					"DEBUG=1",
					"$(inherited)",
				);
				GCC_SYMBOLS_PRIVATE_EXTERN = NO;
				GCC_WARN_64_TO_32_BIT_CONVERSION = YES;
				GCC_WARN_ABOUT_RETURN_TYPE = YES_ERROR;
				GCC_WARN_UNDECLARED_SELECTOR = YES;
				GCC_WARN_UNINITIALIZED_AUTOS = YES_AGGRESSIVE;
				GCC_WARN_UNUSED_FUNCTION = YES;
				GCC_WARN_UNUSED_VARIABLE = YES;
				IPHONEOS_DEPLOYMENT_TARGET = 7.1;
				ONLY_ACTIVE_ARCH = YES;
				SDKROOT = iphoneos;
			};
			name = Debug;
		};
		1CEB53AF1922714600C85A6E /* Release */ = {
			isa = XCBuildConfiguration;
			buildSettings = {
				ALWAYS_SEARCH_USER_PATHS = NO;
				CLANG_CXX_LANGUAGE_STANDARD = "gnu++0x";
				CLANG_CXX_LIBRARY = "libc++";
				CLANG_ENABLE_MODULES = YES;
				CLANG_ENABLE_OBJC_ARC = YES;
				CLANG_WARN_BOOL_CONVERSION = YES;
				CLANG_WARN_CONSTANT_CONVERSION = YES;
				CLANG_WARN_DIRECT_OBJC_ISA_USAGE = YES_ERROR;
				CLANG_WARN_EMPTY_BODY = YES;
				CLANG_WARN_ENUM_CONVERSION = YES;
				CLANG_WARN_INT_CONVERSION = YES;
				CLANG_WARN_OBJC_ROOT_CLASS = YES_ERROR;
				CLANG_WARN__DUPLICATE_METHOD_MATCH = YES;
				"CODE_SIGN_IDENTITY[sdk=iphoneos*]" = "iPhone Developer";
				COPY_PHASE_STRIP = YES;
				ENABLE_NS_ASSERTIONS = NO;
				GCC_C_LANGUAGE_STANDARD = gnu99;
				GCC_WARN_64_TO_32_BIT_CONVERSION = YES;
				GCC_WARN_ABOUT_RETURN_TYPE = YES_ERROR;
				GCC_WARN_UNDECLARED_SELECTOR = YES;
				GCC_WARN_UNINITIALIZED_AUTOS = YES_AGGRESSIVE;
				GCC_WARN_UNUSED_FUNCTION = YES;
				GCC_WARN_UNUSED_VARIABLE = YES;
				IPHONEOS_DEPLOYMENT_TARGET = 7.1;
				SDKROOT = iphoneos;
				VALIDATE_PRODUCT = YES;
			};
			name = Release;
		};
		1CEB53B11922714600C85A6E /* Debug */ = {
			isa = XCBuildConfiguration;
			buildSettings = {
				ASSETCATALOG_COMPILER_APPICON_NAME = AppIcon;
				ASSETCATALOG_COMPILER_LAUNCHIMAGE_NAME = LaunchImage;
				GCC_PRECOMPILE_PREFIX_HEADER = YES;
				GCC_PREFIX_HEADER = "Demo3/Demo3-Prefix.pch";
				INFOPLIST_FILE = "Demo3/Demo3-Info.plist";
				PRODUCT_NAME = "$(TARGET_NAME)";
				WRAPPER_EXTENSION = app;
			};
			name = Debug;
		};
		1CEB53B21922714600C85A6E /* Release */ = {
			isa = XCBuildConfiguration;
			buildSettings = {
				ASSETCATALOG_COMPILER_APPICON_NAME = AppIcon;
				ASSETCATALOG_COMPILER_LAUNCHIMAGE_NAME = LaunchImage;
				GCC_PRECOMPILE_PREFIX_HEADER = YES;
				GCC_PREFIX_HEADER = "Demo3/Demo3-Prefix.pch";
				INFOPLIST_FILE = "Demo3/Demo3-Info.plist";
				PRODUCT_NAME = "$(TARGET_NAME)";
				WRAPPER_EXTENSION = app;
			};
			name = Release;
		};
		1CEB53B41922714600C85A6E /* Debug */ = {
			isa = XCBuildConfiguration;
			buildSettings = {
				BUNDLE_LOADER = "$(BUILT_PRODUCTS_DIR)/Demo3.app/Demo3";
				FRAMEWORK_SEARCH_PATHS = (
					"$(SDKROOT)/Developer/Library/Frameworks",
					"$(inherited)",
					"$(DEVELOPER_FRAMEWORKS_DIR)",
				);
				GCC_PRECOMPILE_PREFIX_HEADER = YES;
				GCC_PREFIX_HEADER = "Demo3/Demo3-Prefix.pch";
				GCC_PREPROCESSOR_DEFINITIONS = (
					"DEBUG=1",
					"$(inherited)",
				);
				INFOPLIST_FILE = "Demo3Tests/Demo3Tests-Info.plist";
				PRODUCT_NAME = "$(TARGET_NAME)";
				TEST_HOST = "$(BUNDLE_LOADER)";
				WRAPPER_EXTENSION = xctest;
			};
			name = Debug;
		};
		1CEB53B51922714600C85A6E /* Release */ = {
			isa = XCBuildConfiguration;
			buildSettings = {
				BUNDLE_LOADER = "$(BUILT_PRODUCTS_DIR)/Demo3.app/Demo3";
				FRAMEWORK_SEARCH_PATHS = (
					"$(SDKROOT)/Developer/Library/Frameworks",
					"$(inherited)",
					"$(DEVELOPER_FRAMEWORKS_DIR)",
				);
				GCC_PRECOMPILE_PREFIX_HEADER = YES;
				GCC_PREFIX_HEADER = "Demo3/Demo3-Prefix.pch";
				INFOPLIST_FILE = "Demo3Tests/Demo3Tests-Info.plist";
				PRODUCT_NAME = "$(TARGET_NAME)";
				TEST_HOST = "$(BUNDLE_LOADER)";
				WRAPPER_EXTENSION = xctest;
			};
			name = Release;
		};
/* End XCBuildConfiguration section */

/* Begin XCConfigurationList section */
		1CEB537F1922714600C85A6E /* Build configuration list for PBXProject "Demo3" */ = {
			isa = XCConfigurationList;
			buildConfigurations = (
				1CEB53AE1922714600C85A6E /* Debug */,
				1CEB53AF1922714600C85A6E /* Release */,
			);
			defaultConfigurationIsVisible = 0;
			defaultConfigurationName = Release;
		};
		1CEB53B01922714600C85A6E /* Build configuration list for PBXNativeTarget "Demo3" */ = {
			isa = XCConfigurationList;
			buildConfigurations = (
				1CEB53B11922714600C85A6E /* Debug */,
				1CEB53B21922714600C85A6E /* Release */,
			);
			defaultConfigurationIsVisible = 0;
			defaultConfigurationName = Release;
		};
		1CEB53B31922714600C85A6E /* Build configuration list for PBXNativeTarget "Demo3Tests" */ = {
			isa = XCConfigurationList;
			buildConfigurations = (
				1CEB53B41922714600C85A6E /* Debug */,
				1CEB53B51922714600C85A6E /* Release */,
			);
			defaultConfigurationIsVisible = 0;
			defaultConfigurationName = Release;
		};
/* End XCConfigurationList section */
	};
	rootObject = 1CEB537C1922714600C85A6E /* Project object */;
}
